// !$*UTF8*$!
{
	archiveVersion = 1;
	classes = {
	};
	objectVersion = 46;
	objects = {

/* Begin PBXAggregateTarget section */
		0F4A822A2887842BDD0A357F /* Qt Preprocess */ = {
			isa = PBXAggregateTarget;
			buildConfigurationList = 6CC3B5D2136C7CD6A5CF5A59 /* Build configuration list for PBXNativeTarget "ieMapEditor" */;
			buildPhases = (
				5E618435888B9D49F8540165 /* Qt Qmake */,
				7EF0942E79C014DCEC8976BC /* Qt Preprocessors */,
			);
			dependencies = (
			);
			name = "Qt Preprocess";
			productName = "Qt Preprocess";
		};
/* End PBXAggregateTarget section */

/* Begin PBXBuildFile section */
		21BBF97D18E41E480060CCC1 /* libieCore-osx_d.a in Link Binary With Libraries */ = {isa = PBXBuildFile; fileRef = 21BBF97A18E41E3C0060CCC1 /* libieCore-osx_d.a */; };
		21D3D9A118E3504B005F65EC /* libEGL.dylib in Link Binary With Libraries */ = {isa = PBXBuildFile; fileRef = 21D3D99F18E3504B005F65EC /* libEGL.dylib */; };
		21D3D9A218E3504B005F65EC /* libGLESv2.dylib in Link Binary With Libraries */ = {isa = PBXBuildFile; fileRef = 21D3D9A018E3504B005F65EC /* libGLESv2.dylib */; };
		21D3D9A718E35B3C005F65EC /* AppKit.framework in Link Binary With Libraries */ = {isa = PBXBuildFile; fileRef = 21D3D9A618E35B3C005F65EC /* AppKit.framework */; };
		21D3D9AC18E36F34005F65EC /* libEGL.dylib in Copy Files */ = {isa = PBXBuildFile; fileRef = 21D3D99F18E3504B005F65EC /* libEGL.dylib */; };
		21D3D9AD18E36F34005F65EC /* libGLESv2.dylib in Copy Files */ = {isa = PBXBuildFile; fileRef = 21D3D9A018E3504B005F65EC /* libGLESv2.dylib */; };
		21D3D9B218E373C1005F65EC /* dragon.json in Resources */ = {isa = PBXBuildFile; fileRef = 21D3D9AF18E37379005F65EC /* dragon.json */; };
		21D3D9B318E373C1005F65EC /* dragon1.png in Resources */ = {isa = PBXBuildFile; fileRef = 21D3D9B018E37379005F65EC /* dragon1.png */; };
		538D611A8FAAD3FCF5BC5A71 /* QtGui.framework in Link Binary With Libraries */ = {isa = PBXBuildFile; fileRef = C5B89D9BFC5D52D34817F202 /* QtGui.framework */; };
		5690CEAF73F573032D29A200 /* main.cpp in Compile Sources */ = {isa = PBXBuildFile; fileRef = 09BF715167B7A0149FD2FBB8 /* main.cpp */; settings = {ATTRIBUTES = (); }; };
		5D30746E3C44968AB32C2DC9 /* QtCore.framework in Link Binary With Libraries */ = {isa = PBXBuildFile; fileRef = DC632F1DDE85584624762C93 /* QtCore.framework */; };
		8771A8C96E9C391044035D99 /* OpenGL.framework in Link Binary With Libraries */ = {isa = PBXBuildFile; fileRef = D4B32C2222F82AC56BADEB21 /* OpenGL.framework */; };
		9321C29625483F18B9C58049 /* ieMapEditor.cpp in Compile Sources */ = {isa = PBXBuildFile; fileRef = 37F3E7ABD1ED08576F6EE918 /* ieMapEditor.cpp */; settings = {ATTRIBUTES = (); }; };
		9A290DBD886EF4A9C2FD8254 /* QtWidgets.framework in Link Binary With Libraries */ = {isa = PBXBuildFile; fileRef = 3CB7D36C73D2CDDDDCDE4ECF /* QtWidgets.framework */; };
		A1B0280383D87A474F672A40 /* moc_ieMapEditor.cpp in Compile Sources */ = {isa = PBXBuildFile; fileRef = 027C91393FA3BC49B9F63B1B /* moc_ieMapEditor.cpp */; settings = {ATTRIBUTES = (); }; };
		E45E51A644D5FC9F942ECE55 /* AGL.framework in Link Binary With Libraries */ = {isa = PBXBuildFile; fileRef = 8D9815BDB5BD9F90D2BC05C5 /* AGL.framework */; };
/* End PBXBuildFile section */

/* Begin PBXContainerItemProxy section */
		2129070118E3343400AD4AE2 /* PBXContainerItemProxy */ = {
			isa = PBXContainerItemProxy;
			containerPortal = 6DB9C3763D02B1415CD9D565 /* Project object */;
			proxyType = 1;
			remoteGlobalIDString = 0F4A822A2887842BDD0A357F;
			remoteInfo = "Qt Preprocess";
		};
		21BBF97718E41E3C0060CCC1 /* PBXContainerItemProxy */ = {
			isa = PBXContainerItemProxy;
			containerPortal = 21BBF97018E41E340060CCC1 /* ieCore.xcodeproj */;
			proxyType = 2;
			remoteGlobalIDString = 21D0712A181DA5620019D264;
			remoteInfo = "ieCore-ios";
		};
		21BBF97918E41E3C0060CCC1 /* PBXContainerItemProxy */ = {
			isa = PBXContainerItemProxy;
			containerPortal = 21BBF97018E41E340060CCC1 /* ieCore.xcodeproj */;
			proxyType = 2;
			remoteGlobalIDString = 21853415181EFC6200315CBB;
			remoteInfo = "ieCore-osx";
		};
		21BBF97B18E41E3F0060CCC1 /* PBXContainerItemProxy */ = {
			isa = PBXContainerItemProxy;
			containerPortal = 21BBF97018E41E340060CCC1 /* ieCore.xcodeproj */;
			proxyType = 1;
			remoteGlobalIDString = 21853414181EFC6200315CBB;
			remoteInfo = "ieCore-osx";
		};
/* End PBXContainerItemProxy section */

/* Begin PBXCopyFilesBuildPhase section */
		21D3D9AB18E36F14005F65EC /* Copy Files */ = {
			isa = PBXCopyFilesBuildPhase;
			buildActionMask = 2147483647;
			dstPath = "";
			dstSubfolderSpec = 10;
			files = (
				21D3D9AC18E36F34005F65EC /* libEGL.dylib in Copy Files */,
				21D3D9AD18E36F34005F65EC /* libGLESv2.dylib in Copy Files */,
			);
			name = "Copy Files";
			runOnlyForDeploymentPostprocessing = 0;
		};
/* End PBXCopyFilesBuildPhase section */

/* Begin PBXFileReference section */
		027C91393FA3BC49B9F63B1B /* moc_ieMapEditor.cpp */ = {isa = PBXFileReference; lastKnownFileType = sourcecode.cpp.cpp; path = moc_ieMapEditor.cpp; sourceTree = "<absolute>"; };
		09BF715167B7A0149FD2FBB8 /* main.cpp */ = {isa = PBXFileReference; lastKnownFileType = sourcecode.cpp.cpp; name = main.cpp; path = Sources/main.cpp; sourceTree = "<absolute>"; };
		21BBF97018E41E340060CCC1 /* ieCore.xcodeproj */ = {isa = PBXFileReference; lastKnownFileType = "wrapper.pb-project"; name = ieCore.xcodeproj; path = ../ieCore/ieCore.xcodeproj; sourceTree = "<group>"; };
		21D3D99F18E3504B005F65EC /* libEGL.dylib */ = {isa = PBXFileReference; lastKnownFileType = "compiled.mach-o.dylib"; name = libEGL.dylib; path = "../ieCore/Libraries/ogles-2.0/mac-osx_x86/lib/libEGL.dylib"; sourceTree = "<group>"; };
		21D3D9A018E3504B005F65EC /* libGLESv2.dylib */ = {isa = PBXFileReference; lastKnownFileType = "compiled.mach-o.dylib"; name = libGLESv2.dylib; path = "../ieCore/Libraries/ogles-2.0/mac-osx_x86/lib/libGLESv2.dylib"; sourceTree = "<group>"; };
		21D3D9A618E35B3C005F65EC /* AppKit.framework */ = {isa = PBXFileReference; lastKnownFileType = wrapper.framework; name = AppKit.framework; path = System/Library/Frameworks/AppKit.framework; sourceTree = SDKROOT; };
		21D3D9AF18E37379005F65EC /* dragon.json */ = {isa = PBXFileReference; fileEncoding = 4; lastKnownFileType = text.json; name = dragon.json; path = ../ieBundle/dragon.json; sourceTree = "<group>"; };
		21D3D9B018E37379005F65EC /* dragon1.png */ = {isa = PBXFileReference; lastKnownFileType = image.png; name = dragon1.png; path = ../ieBundle/dragon1.png; sourceTree = "<group>"; };
		37F3E7ABD1ED08576F6EE918 /* ieMapEditor.cpp */ = {isa = PBXFileReference; explicitFileType = sourcecode.cpp.objcpp; name = ieMapEditor.cpp; path = Sources/ieMapEditor.cpp; sourceTree = "<absolute>"; };
		3CB7D36C73D2CDDDDCDE4ECF /* QtWidgets.framework */ = {isa = PBXFileReference; lastKnownFileType = wrapper.framework; name = QtWidgets.framework; path = /Applications/Qt/5.2.0/5.2.0/clang_64/lib/QtWidgets.framework; sourceTree = "<absolute>"; };
		53D52318DF50DD37E309AB20 /* ui_ieMapEditor.h */ = {isa = PBXFileReference; lastKnownFileType = sourcecode.c.h; path = ui_ieMapEditor.h; sourceTree = "<absolute>"; };
		8A2F491115221DC05AEE338E /* ieMapEditor.ui */ = {isa = PBXFileReference; lastKnownFileType = file; name = ieMapEditor.ui; path = UI/ieMapEditor.ui; sourceTree = "<absolute>"; };
		8D9815BDB5BD9F90D2BC05C5 /* AGL.framework */ = {isa = PBXFileReference; lastKnownFileType = wrapper.framework; name = AGL.framework; path = /System/Library/Frameworks/AGL.framework; sourceTree = "<absolute>"; };
		ABFDFE8B1F9ADCE44B8E1012 /* ieMapEditor.h */ = {isa = PBXFileReference; lastKnownFileType = sourcecode.c.h; name = ieMapEditor.h; path = Sources/ieMapEditor.h; sourceTree = "<absolute>"; };
		B84B3A6186B3145563E2D244 /* ieMapEditor.pro */ = {isa = PBXFileReference; lastKnownFileType = text; path = ieMapEditor.pro; sourceTree = "<absolute>"; };
		C5B89D9BFC5D52D34817F202 /* QtGui.framework */ = {isa = PBXFileReference; lastKnownFileType = wrapper.framework; name = QtGui.framework; path = /Applications/Qt/5.2.0/5.2.0/clang_64/lib/QtGui.framework; sourceTree = "<absolute>"; };
		D4B32C2222F82AC56BADEB21 /* OpenGL.framework */ = {isa = PBXFileReference; lastKnownFileType = wrapper.framework; name = OpenGL.framework; path = /System/Library/Frameworks/OpenGL.framework; sourceTree = "<absolute>"; };
		D52B04CB6822CF3BE8200CB8 /* ieMapEditor.app */ = {isa = PBXFileReference; explicitFileType = wrapper.application; includeInIndex = 0; path = ieMapEditor.app; sourceTree = BUILT_PRODUCTS_DIR; };
		DC632F1DDE85584624762C93 /* QtCore.framework */ = {isa = PBXFileReference; lastKnownFileType = wrapper.framework; name = QtCore.framework; path = /Applications/Qt/5.2.0/5.2.0/clang_64/lib/QtCore.framework; sourceTree = "<absolute>"; };
/* End PBXFileReference section */

/* Begin PBXFrameworksBuildPhase section */
		D1C883685E82D5676953459A /* Link Binary With Libraries */ = {
			isa = PBXFrameworksBuildPhase;
			buildActionMask = 2147483647;
			files = (
				21BBF97D18E41E480060CCC1 /* libieCore-osx_d.a in Link Binary With Libraries */,
				21D3D9A118E3504B005F65EC /* libEGL.dylib in Link Binary With Libraries */,
				21D3D9A218E3504B005F65EC /* libGLESv2.dylib in Link Binary With Libraries */,
				9A290DBD886EF4A9C2FD8254 /* QtWidgets.framework in Link Binary With Libraries */,
				538D611A8FAAD3FCF5BC5A71 /* QtGui.framework in Link Binary With Libraries */,
				5D30746E3C44968AB32C2DC9 /* QtCore.framework in Link Binary With Libraries */,
				8771A8C96E9C391044035D99 /* OpenGL.framework in Link Binary With Libraries */,
				21D3D9A718E35B3C005F65EC /* AppKit.framework in Link Binary With Libraries */,
				E45E51A644D5FC9F942ECE55 /* AGL.framework in Link Binary With Libraries */,
			);
			name = "Link Binary With Libraries";
			runOnlyForDeploymentPostprocessing = 0;
		};
/* End PBXFrameworksBuildPhase section */

/* Begin PBXGroup section */
		12E908B8A1C3C07C115504F5 /* Sources [uic] */ = {
			isa = PBXGroup;
			children = (
				3F65C3E6A11E83DA06A8C9FF /* UI */,
			);
			name = "Sources [uic]";
			sourceTree = "<Group>";
		};
		2129070218E3345000AD4AE2 /* Libraries */ = {
			isa = PBXGroup;
			children = (
				21BBF97018E41E340060CCC1 /* ieCore.xcodeproj */,
			);
			name = Libraries;
			sourceTree = "<group>";
		};
		21BBF97318E41E3A0060CCC1 /* Products */ = {
			isa = PBXGroup;
			children = (
				21BBF97818E41E3C0060CCC1 /* libieCore-ios_d.a */,
				21BBF97A18E41E3C0060CCC1 /* libieCore-osx_d.a */,
			);
			name = Products;
			sourceTree = "<group>";
		};
		21D3D9AE18E3734E005F65EC /* Resources */ = {
			isa = PBXGroup;
			children = (
				21D3D9AF18E37379005F65EC /* dragon.json */,
				21D3D9B018E37379005F65EC /* dragon1.png */,
			);
			name = Resources;
			sourceTree = "<group>";
		};
		25B08E2869634E9BCBA333A2 /* Generated Sources */ = {
			isa = PBXGroup;
			children = (
				027C91393FA3BC49B9F63B1B /* moc_ieMapEditor.cpp */,
				53D52318DF50DD37E309AB20 /* ui_ieMapEditor.h */,
			);
			name = "Generated Sources";
			sourceTree = "<Group>";
		};
		2EB56BE3C2D93CDAB0C52E67 /* Sources */ = {
			isa = PBXGroup;
			children = (
				4288B89518A5AEAF50AB6AC0 /* Sources */,
			);
			name = Sources;
			sourceTree = "<Group>";
		};
		3F65C3E6A11E83DA06A8C9FF /* UI */ = {
			isa = PBXGroup;
			children = (
				8A2F491115221DC05AEE338E /* ieMapEditor.ui */,
			);
			name = UI;
			sourceTree = "<Group>";
		};
		4288B89518A5AEAF50AB6AC0 /* Sources */ = {
			isa = PBXGroup;
			children = (
				09BF715167B7A0149FD2FBB8 /* main.cpp */,
				ABFDFE8B1F9ADCE44B8E1012 /* ieMapEditor.h */,
				37F3E7ABD1ED08576F6EE918 /* ieMapEditor.cpp */,
			);
			name = Sources;
			sourceTree = "<Group>";
		};
		74B182DB50CB5611B5C1C297 /* Supporting Files */ = {
			isa = PBXGroup;
			children = (
				B84B3A6186B3145563E2D244 /* ieMapEditor.pro */,
			);
			name = "Supporting Files";
			sourceTree = "<Group>";
		};
		AF39DD055C3EF8226FBE929D /* Frameworks */ = {
			isa = PBXGroup;
			children = (
				21D3D9A618E35B3C005F65EC /* AppKit.framework */,
				21D3D99F18E3504B005F65EC /* libEGL.dylib */,
				21D3D9A018E3504B005F65EC /* libGLESv2.dylib */,
				3CB7D36C73D2CDDDDCDE4ECF /* QtWidgets.framework */,
				C5B89D9BFC5D52D34817F202 /* QtGui.framework */,
				DC632F1DDE85584624762C93 /* QtCore.framework */,
				D4B32C2222F82AC56BADEB21 /* OpenGL.framework */,
				8D9815BDB5BD9F90D2BC05C5 /* AGL.framework */,
			);
			name = Frameworks;
			sourceTree = "<Group>";
		};
		E8C543AB96796ECAA2E65C57 /* ieMapEditor */ = {
			isa = PBXGroup;
			children = (
				2129070218E3345000AD4AE2 /* Libraries */,
				2EB56BE3C2D93CDAB0C52E67 /* Sources */,
				25B08E2869634E9BCBA333A2 /* Generated Sources */,
				74B182DB50CB5611B5C1C297 /* Supporting Files */,
				12E908B8A1C3C07C115504F5 /* Sources [uic] */,
				21D3D9AE18E3734E005F65EC /* Resources */,
				AF39DD055C3EF8226FBE929D /* Frameworks */,
				FE0A091FDBFB3E9C31B7A1BD /* Products */,
			);
			name = ieMapEditor;
			sourceTree = "<Group>";
		};
		FE0A091FDBFB3E9C31B7A1BD /* Products */ = {
			isa = PBXGroup;
			children = (
				D52B04CB6822CF3BE8200CB8 /* ieMapEditor.app */,
			);
			name = Products;
			sourceTree = "<Group>";
		};
/* End PBXGroup section */

/* Begin PBXNativeTarget section */
		99201D5B0F7705FB21F14B19 /* ieMapEditor */ = {
			isa = PBXNativeTarget;
			buildConfigurationList = 6CC3B5D2136C7CD6A5CF5A59 /* Build configuration list for PBXNativeTarget "ieMapEditor" */;
			buildPhases = (
				F7E50F631C51CD5B5DC0BC43 /* Compile Sources */,
				D1C883685E82D5676953459A /* Link Binary With Libraries */,
				21D3D9AB18E36F14005F65EC /* Copy Files */,
				21D3D9B118E373B8005F65EC /* Resources */,
			);
			buildRules = (
			);
			dependencies = (
				21BBF97C18E41E3F0060CCC1 /* PBXTargetDependency */,
				53836EC49579156A7C2ABFAE /* PBXTargetDependency */,
			);
			name = ieMapEditor;
			productName = ieMapEditor;
			productReference = D52B04CB6822CF3BE8200CB8 /* ieMapEditor.app */;
			productType = "com.apple.product-type.application";
		};
/* End PBXNativeTarget section */

/* Begin PBXProject section */
		6DB9C3763D02B1415CD9D565 /* Project object */ = {
			isa = PBXProject;
			attributes = {
			};
			buildConfigurationList = DAC4C1AA5EDEA1C85E9CA5E6 /* Build configuration list for PBXProject "ieMapEditor" */;
			compatibilityVersion = "Xcode 3.2";
			developmentRegion = English;
			hasScannedForEncodings = 1;
			knownRegions = (
				en,
			);
			mainGroup = E8C543AB96796ECAA2E65C57 /* ieMapEditor */;
			productRefGroup = FE0A091FDBFB3E9C31B7A1BD /* Products */;
			projectDirPath = "";
			projectReferences = (
				{
					ProductGroup = 21BBF97318E41E3A0060CCC1 /* Products */;
					ProjectRef = 21BBF97018E41E340060CCC1 /* ieCore.xcodeproj */;
				},
			);
			projectRoot = "";
			targets = (
				99201D5B0F7705FB21F14B19 /* ieMapEditor */,
				0F4A822A2887842BDD0A357F /* Qt Preprocess */,
			);
		};
/* End PBXProject section */

/* Begin PBXReferenceProxy section */
		21BBF97818E41E3C0060CCC1 /* libieCore-ios_d.a */ = {
			isa = PBXReferenceProxy;
			fileType = archive.ar;
			path = "libieCore-ios_d.a";
			remoteRef = 21BBF97718E41E3C0060CCC1 /* PBXContainerItemProxy */;
			sourceTree = BUILT_PRODUCTS_DIR;
		};
		21BBF97A18E41E3C0060CCC1 /* libieCore-osx_d.a */ = {
			isa = PBXReferenceProxy;
			fileType = archive.ar;
			path = "libieCore-osx_d.a";
			remoteRef = 21BBF97918E41E3C0060CCC1 /* PBXContainerItemProxy */;
			sourceTree = BUILT_PRODUCTS_DIR;
		};
/* End PBXReferenceProxy section */

/* Begin PBXResourcesBuildPhase section */
		21D3D9B118E373B8005F65EC /* Resources */ = {
			isa = PBXResourcesBuildPhase;
			buildActionMask = 2147483647;
			files = (
				21D3D9B218E373C1005F65EC /* dragon.json in Resources */,
				21D3D9B318E373C1005F65EC /* dragon1.png in Resources */,
			);
			runOnlyForDeploymentPostprocessing = 0;
		};
/* End PBXResourcesBuildPhase section */

/* Begin PBXShellScriptBuildPhase section */
		5E618435888B9D49F8540165 /* Qt Qmake */ = {
			isa = PBXShellScriptBuildPhase;
			buildActionMask = 2147483647;
			files = (
			);
			name = "Qt Qmake";
			runOnlyForDeploymentPostprocessing = 0;
			shellPath = /bin/sh;
			shellScript = "make -C /Users/codeoneclick/Documents/Hobby/ie2D/ieMapEditor -f ieMapEditor.xcodeproj/qt_makeqmake.mak";
		};
		7EF0942E79C014DCEC8976BC /* Qt Preprocessors */ = {
			isa = PBXShellScriptBuildPhase;
			buildActionMask = 2147483647;
			files = (
			);
			name = "Qt Preprocessors";
			runOnlyForDeploymentPostprocessing = 0;
			shellPath = /bin/sh;
			shellScript = "make -C /Users/codeoneclick/Documents/Hobby/ie2D/ieMapEditor -f ieMapEditor.xcodeproj/qt_preprocess.mak";
		};
/* End PBXShellScriptBuildPhase section */

/* Begin PBXSourcesBuildPhase section */
		F7E50F631C51CD5B5DC0BC43 /* Compile Sources */ = {
			isa = PBXSourcesBuildPhase;
			buildActionMask = 2147483647;
			files = (
				5690CEAF73F573032D29A200 /* main.cpp in Compile Sources */,
				9321C29625483F18B9C58049 /* ieMapEditor.cpp in Compile Sources */,
				A1B0280383D87A474F672A40 /* moc_ieMapEditor.cpp in Compile Sources */,
			);
			name = "Compile Sources";
			runOnlyForDeploymentPostprocessing = 0;
		};
/* End PBXSourcesBuildPhase section */

/* Begin PBXTargetDependency section */
		21BBF97C18E41E3F0060CCC1 /* PBXTargetDependency */ = {
			isa = PBXTargetDependency;
			name = "ieCore-osx";
			targetProxy = 21BBF97B18E41E3F0060CCC1 /* PBXContainerItemProxy */;
		};
		53836EC49579156A7C2ABFAE /* PBXTargetDependency */ = {
			isa = PBXTargetDependency;
			target = 0F4A822A2887842BDD0A357F /* Qt Preprocess */;
			targetProxy = 2129070118E3343400AD4AE2 /* PBXContainerItemProxy */;
		};
/* End PBXTargetDependency section */

/* Begin XCBuildConfiguration section */
		339EE1B2CC4FC24589A0EA95 /* Release */ = {
			isa = XCBuildConfiguration;
			buildSettings = {
				ARCHS = x86_64;
				CC = /Applications/Xcode.app/Contents/Developer/Toolchains/XcodeDefault.xctoolchain/usr/bin/clang;
				COPY_PHASE_STRIP = YES;
				DYLIB_COMPATIBILITY_VERSION = 1.0;
				DYLIB_CURRENT_VERSION = 1.0.0;
				FRAMEWORK_SEARCH_PATHS = (
					/Applications/Qt/5.2.0/5.2.0/clang_64/lib,
					/Applications/Qt/5.2.0/5.2.0/clang_64/lib,
				);
				GCC_GENERATE_DEBUGGING_SYMBOLS = NO;
				GCC_VERSION = com.apple.compilers.llvm.clang.1_0;
				HEADER_SEARCH_PATHS = (
					/Applications/Qt/5.2.0/5.2.0/clang_64/lib/QtWidgets.framework/Versions/5/Headers,
					/Applications/Qt/5.2.0/5.2.0/clang_64/lib/QtGui.framework/Versions/5/Headers,
					/Applications/Qt/5.2.0/5.2.0/clang_64/lib/QtCore.framework/Versions/5/Headers,
					.,
					/Applications/Xcode.app/Contents/Developer/Platforms/MacOSX.platform/Developer/SDKs/MacOSX10.9.sdk/System/Library/Frameworks/OpenGL.framework/Versions/A/Headers,
					/Applications/Xcode.app/Contents/Developer/Platforms/MacOSX.platform/Developer/SDKs/MacOSX10.9.sdk/System/Library/Frameworks/AGL.framework/Headers,
					.,
					"/Applications/Qt/5.2.0/5.2.0/clang_64/mkspecs/macx-clang",
				);
				INFOPLIST_FILE = Info.plist;
				LDPLUSPLUS = "/Applications/Xcode.app/Contents/Developer/Toolchains/XcodeDefault.xctoolchain/usr/bin/clang++";
				LIBRARY_SEARCH_PATHS = (
					/Applications/Qt/5.2.0/5.2.0/clang_64/lib,
					/System/Library/Frameworks/,
				);
				MACOSX_DEPLOYMENT_TARGET = 10.6;
				OTHER_CFLAGS = (
					"-pipe",
					"-O2",
					"-Wall",
					"-W",
					"-fPIE",
					"-DQT_NO_DEBUG",
					"-DQT_WIDGETS_LIB",
					"-DQT_GUI_LIB",
					"-DQT_CORE_LIB",
				);
				OTHER_CPLUSPLUSFLAGS = (
					"-pipe",
					"-O2",
					"-Wall",
					"-W",
					"-fPIE",
					"-DQT_NO_DEBUG",
					"-DQT_WIDGETS_LIB",
					"-DQT_GUI_LIB",
					"-DQT_CORE_LIB",
				);
				OTHER_LDFLAGS = (
					"-headerpad_max_install_names",
					"-F/Applications/Qt/5.2.0/5.2.0/clang_64/lib",
				);
				PRODUCT_NAME = ieMapEditor;
				QT_LIBRARY_SUFFIX = "";
				SDKROOT = macosx;
				SYMROOT = /Users/codeoneclick/Documents/Hobby/ie2D/ieMapEditor;
			};
			name = Release;
		};
		3AA6C32AC930069E80220CF1 /* Debug */ = {
			isa = XCBuildConfiguration;
			buildSettings = {
				ARCHS = x86_64;
				CC = /Applications/Xcode.app/Contents/Developer/Toolchains/XcodeDefault.xctoolchain/usr/bin/clang;
				COPY_PHASE_STRIP = NO;
				DYLIB_COMPATIBILITY_VERSION = 1.0;
				DYLIB_CURRENT_VERSION = 1.0.0;
				FRAMEWORK_SEARCH_PATHS = (
					/Applications/Qt/5.2.0/5.2.0/clang_64/lib,
					/Applications/Qt/5.2.0/5.2.0/clang_64/lib,
				);
				GCC_GENERATE_DEBUGGING_SYMBOLS = YES;
				GCC_OPTIMIZATION_LEVEL = 0;
				GCC_VERSION = com.apple.compilers.llvm.clang.1_0;
				HEADER_SEARCH_PATHS = (
					/Applications/Qt/5.2.0/5.2.0/clang_64/lib/QtWidgets.framework/Versions/5/Headers,
					/Applications/Qt/5.2.0/5.2.0/clang_64/lib/QtGui.framework/Versions/5/Headers,
					/Applications/Qt/5.2.0/5.2.0/clang_64/lib/QtCore.framework/Versions/5/Headers,
					.,
					/Applications/Xcode.app/Contents/Developer/Platforms/MacOSX.platform/Developer/SDKs/MacOSX10.9.sdk/System/Library/Frameworks/OpenGL.framework/Versions/A/Headers,
					/Applications/Xcode.app/Contents/Developer/Platforms/MacOSX.platform/Developer/SDKs/MacOSX10.9.sdk/System/Library/Frameworks/AGL.framework/Headers,
					.,
					"/Applications/Qt/5.2.0/5.2.0/clang_64/mkspecs/macx-clang",
				);
				INFOPLIST_FILE = Info.plist;
				LDPLUSPLUS = "/Applications/Xcode.app/Contents/Developer/Toolchains/XcodeDefault.xctoolchain/usr/bin/clang++";
				LIBRARY_SEARCH_PATHS = (
					/Applications/Qt/5.2.0/5.2.0/clang_64/lib,
					/System/Library/Frameworks/,
				);
				MACOSX_DEPLOYMENT_TARGET = 10.6;
				OTHER_CFLAGS = (
					"-pipe",
					"-O2",
					"-Wall",
					"-W",
					"-fPIE",
					"-DQT_NO_DEBUG",
					"-DQT_WIDGETS_LIB",
					"-DQT_GUI_LIB",
					"-DQT_CORE_LIB",
				);
				OTHER_CPLUSPLUSFLAGS = (
					"-pipe",
					"-O2",
					"-Wall",
					"-W",
					"-fPIE",
					"-DQT_NO_DEBUG",
					"-DQT_WIDGETS_LIB",
					"-DQT_GUI_LIB",
					"-DQT_CORE_LIB",
				);
				OTHER_LDFLAGS = (
					"-headerpad_max_install_names",
					"-F/Applications/Qt/5.2.0/5.2.0/clang_64/lib",
				);
				PRODUCT_NAME = ieMapEditor;
				QT_LIBRARY_SUFFIX = _debug;
				SDKROOT = macosx;
				SYMROOT = /Users/codeoneclick/Documents/Hobby/ie2D/ieMapEditor;
			};
			name = Debug;
		};
		6666AA5E688052234F6758D8 /* Release */ = {
			isa = XCBuildConfiguration;
			buildSettings = {
				CLANG_CXX_LANGUAGE_STANDARD = "c++0x";
				CLANG_CXX_LIBRARY = "libc++";
				COPY_PHASE_STRIP = YES;
				GCC_GENERATE_DEBUGGING_SYMBOLS = NO;
				GCC_PREPROCESSOR_DEFINITIONS = (
					__OSX__,
					"GLM_FORCE_RADIANS=1",
				);
				HEADER_SEARCH_PATHS = (
					/Applications/Qt/5.2.0/5.2.0/clang_64/lib/QtWidgets.framework/Versions/5/Headers,
					/Applications/Qt/5.2.0/5.2.0/clang_64/lib/QtGui.framework/Versions/5/Headers,
					/Applications/Qt/5.2.0/5.2.0/clang_64/lib/QtCore.framework/Versions/5/Headers,
					.,
					/Applications/Xcode.app/Contents/Developer/Platforms/MacOSX.platform/Developer/SDKs/MacOSX10.9.sdk/System/Library/Frameworks/OpenGL.framework/Versions/A/Headers,
					/Applications/Xcode.app/Contents/Developer/Platforms/MacOSX.platform/Developer/SDKs/MacOSX10.9.sdk/System/Library/Frameworks/AGL.framework/Headers,
					.,
					"/Applications/Qt/5.2.0/5.2.0/clang_64/mkspecs/macx-clang",
					"\"$(SRCROOT)/../ieCore/Sources\"",
					"\"$(SRCROOT)/../ieCore/Libraries/glm-0.9.5.2\"",
					"\"$(SRCROOT)/../ieCore/Libraries/libpng-1.6.9\"",
					"\"$(SRCROOT)/../ieCore/Libraries/zlib-1.2.8\"",
					"\"$(SRCROOT)/../ieCore/Libraries/pugixml-1.2\"",
					"\"$(SRCROOT)/../ieCore/Libraries/jsoncpp-0.6.0/include\"",
					"\"$(SRCROOT)/../ieCore/Libraries/pvrtextool-3.2/include\"",
					"\"$(SRCROOT)/../ieCore/Libraries/ogles-2.0/include\"",
				);
				LIBRARY_SEARCH_PATHS = (
					"$(inherited)",
					"\"$(SRCROOT)/../ieCore/Libraries/ogles-2.0/mac-osx_x86/lib\"",
				);
				MACOSX_DEPLOYMENT_TARGET = 10.9;
				OTHER_LDFLAGS = (
					"-headerpad_max_install_names",
					"-F/Applications/Qt/5.2.0/5.2.0/clang_64/lib",
					"-ObjC",
					"-all_load",
				);
				PRODUCT_NAME = ieMapEditor;
				QT_LIBRARY_SUFFIX = "";
				SDKROOT = macosx;
			};
			name = Release;
		};
		77418F46922677BB04ED38DD /* Debug */ = {
			isa = XCBuildConfiguration;
			buildSettings = {
				CLANG_CXX_LANGUAGE_STANDARD = "c++0x";
				CLANG_CXX_LIBRARY = "libc++";
				COPY_PHASE_STRIP = NO;
				GCC_GENERATE_DEBUGGING_SYMBOLS = YES;
				GCC_OPTIMIZATION_LEVEL = 0;
				GCC_PREPROCESSOR_DEFINITIONS = (
					__OSX__,
					"GLM_FORCE_RADIANS=1",
				);
				HEADER_SEARCH_PATHS = (
					/Applications/Qt/5.2.0/5.2.0/clang_64/lib/QtWidgets.framework/Versions/5/Headers,
					/Applications/Qt/5.2.0/5.2.0/clang_64/lib/QtGui.framework/Versions/5/Headers,
					/Applications/Qt/5.2.0/5.2.0/clang_64/lib/QtCore.framework/Versions/5/Headers,
					.,
					/Applications/Xcode.app/Contents/Developer/Platforms/MacOSX.platform/Developer/SDKs/MacOSX10.9.sdk/System/Library/Frameworks/OpenGL.framework/Versions/A/Headers,
					/Applications/Xcode.app/Contents/Developer/Platforms/MacOSX.platform/Developer/SDKs/MacOSX10.9.sdk/System/Library/Frameworks/AGL.framework/Headers,
					.,
					"/Applications/Qt/5.2.0/5.2.0/clang_64/mkspecs/macx-clang",
					"\"$(SRCROOT)/../ieCore/Sources\"",
					"\"$(SRCROOT)/../ieCore/Libraries/glm-0.9.5.2\"",
					"\"$(SRCROOT)/../ieCore/Libraries/libpng-1.6.9\"",
					"\"$(SRCROOT)/../ieCore/Libraries/zlib-1.2.8\"",
					"\"$(SRCROOT)/../ieCore/Libraries/pugixml-1.2\"",
					"\"$(SRCROOT)/../ieCore/Libraries/jsoncpp-0.6.0/include\"",
					"\"$(SRCROOT)/../ieCore/Libraries/pvrtextool-3.2/include\"",
					"\"$(SRCROOT)/../ieCore/Libraries/ogles-2.0/include\"",
				);
				LIBRARY_SEARCH_PATHS = (
					"$(inherited)",
					"\"$(SRCROOT)/../ieCore/Libraries/ogles-2.0/mac-osx_x86/lib\"",
				);
				MACOSX_DEPLOYMENT_TARGET = 10.9;
				OTHER_LDFLAGS = (
					"-headerpad_max_install_names",
					"-F/Applications/Qt/5.2.0/5.2.0/clang_64/lib",
					"-ObjC",
					"-all_load",
				);
				PRODUCT_NAME = ieMapEditor;
				QT_LIBRARY_SUFFIX = _debug;
				SDKROOT = macosx;
			};
			name = Debug;
		};
/* End XCBuildConfiguration section */

/* Begin XCConfigurationList section */
		6CC3B5D2136C7CD6A5CF5A59 /* Build configuration list for PBXNativeTarget "ieMapEditor" */ = {
			isa = XCConfigurationList;
			buildConfigurations = (
				77418F46922677BB04ED38DD /* Debug */,
				6666AA5E688052234F6758D8 /* Release */,
			);
			defaultConfigurationIsVisible = 0;
			defaultConfigurationName = Release;
		};
		DAC4C1AA5EDEA1C85E9CA5E6 /* Build configuration list for PBXProject "ieMapEditor" */ = {
			isa = XCConfigurationList;
			buildConfigurations = (
				3AA6C32AC930069E80220CF1 /* Debug */,
				339EE1B2CC4FC24589A0EA95 /* Release */,
			);
			defaultConfigurationIsVisible = 0;
			defaultConfigurationName = Release;
		};
/* End XCConfigurationList section */
	};
	rootObject = 6DB9C3763D02B1415CD9D565 /* Project object */;
}
