// !$*UTF8*$!
{
	archiveVersion = 1;
	classes = {
	};
	objectVersion = 46;
	objects = {

/* Begin PBXBuildFile section */
		2109422718B1605200C86176 /* _e01_move_18.png in Resources */ = {isa = PBXBuildFile; fileRef = 2109422618B1605200C86176 /* _e01_move_18.png */; };
		210AA7CF18A3F0CF00CD24F8 /* main.mm in Sources */ = {isa = PBXBuildFile; fileRef = 210AA7CE18A3F0CF00CD24F8 /* main.mm */; };
		212B8C8D18C4E60200372655 /* 4.json in Resources */ = {isa = PBXBuildFile; fileRef = 212B8C8A18C4E60200372655 /* 4.json */; };
		212B8C8E18C4E60200372655 /* 41.png in Resources */ = {isa = PBXBuildFile; fileRef = 212B8C8B18C4E60200372655 /* 41.png */; };
		212B8C8F18C4E60200372655 /* sector_02.png in Resources */ = {isa = PBXBuildFile; fileRef = 212B8C8C18C4E60200372655 /* sector_02.png */; };
		21ADFCC018D8F09E002B603D /* animation_01.json in Resources */ = {isa = PBXBuildFile; fileRef = 21ADFCBE18D8F09E002B603D /* animation_01.json */; };
		21ADFCC118D8F09E002B603D /* animation_011.png in Resources */ = {isa = PBXBuildFile; fileRef = 21ADFCBF18D8F09E002B603D /* animation_011.png */; };
		21ADFCCC18DAC34F002B603D /* animation_02.json in Resources */ = {isa = PBXBuildFile; fileRef = 21ADFCCA18DAC34F002B603D /* animation_02.json */; };
		21ADFCCD18DAC34F002B603D /* animation_021.png in Resources */ = {isa = PBXBuildFile; fileRef = 21ADFCCB18DAC34F002B603D /* animation_021.png */; };
		21AF321518EC119600783EEB /* human_03.json in Resources */ = {isa = PBXBuildFile; fileRef = 21AF321318EC119600783EEB /* human_03.json */; };
		21AF321618EC119600783EEB /* human_031.png in Resources */ = {isa = PBXBuildFile; fileRef = 21AF321418EC119600783EEB /* human_031.png */; };
		21AF321B18EC20A500783EEB /* human_04.json in Resources */ = {isa = PBXBuildFile; fileRef = 21AF321918EC20A500783EEB /* human_04.json */; };
		21AF321C18EC20A500783EEB /* human_041.png in Resources */ = {isa = PBXBuildFile; fileRef = 21AF321A18EC20A500783EEB /* human_041.png */; };
		21BBF9F818E583800060CCC1 /* libieEngine-ios.a in Frameworks */ = {isa = PBXBuildFile; fileRef = 21BBF9F318E583290060CCC1 /* libieEngine-ios.a */; };
		21BBFA0D18E586BE0060CCC1 /* isometric_map.png in Resources */ = {isa = PBXBuildFile; fileRef = 21BBFA0C18E586BE0060CCC1 /* isometric_map.png */; };
		21BBFA1D18E962CC0060CCC1 /* libieCore-ios_d.a in Frameworks */ = {isa = PBXBuildFile; fileRef = 21BBFA1718E962BF0060CCC1 /* libieCore-ios_d.a */; };
		21BBFA2818E997C80060CCC1 /* human_01.json in Resources */ = {isa = PBXBuildFile; fileRef = 21BBFA2618E997C80060CCC1 /* human_01.json */; };
		21BBFA2918E997C80060CCC1 /* human_011.png in Resources */ = {isa = PBXBuildFile; fileRef = 21BBFA2718E997C80060CCC1 /* human_011.png */; };
		21BFBC1A18EAF6BA00EA3073 /* human_02.json in Resources */ = {isa = PBXBuildFile; fileRef = 21BFBC1818EAF6BA00EA3073 /* human_02.json */; };
		21BFBC1B18EAF6BA00EA3073 /* human_021.png in Resources */ = {isa = PBXBuildFile; fileRef = 21BFBC1918EAF6BA00EA3073 /* human_021.png */; };
		21D070C5181D9D460019D264 /* Foundation.framework in Frameworks */ = {isa = PBXBuildFile; fileRef = 21D070C4181D9D460019D264 /* Foundation.framework */; };
		21D070C7181D9D460019D264 /* CoreGraphics.framework in Frameworks */ = {isa = PBXBuildFile; fileRef = 21D070C6181D9D460019D264 /* CoreGraphics.framework */; };
		21D070C9181D9D460019D264 /* UIKit.framework in Frameworks */ = {isa = PBXBuildFile; fileRef = 21D070C8181D9D460019D264 /* UIKit.framework */; };
		21D07250181DAEA00019D264 /* QuartzCore.framework in Frameworks */ = {isa = PBXBuildFile; fileRef = 21D0724F181DAEA00019D264 /* QuartzCore.framework */; };
		21D07252181DAEA60019D264 /* OpenGLES.framework in Frameworks */ = {isa = PBXBuildFile; fileRef = 21D07251181DAEA60019D264 /* OpenGLES.framework */; };
		21D6C06C18E85259001C598C /* leather_armor.png in Resources */ = {isa = PBXBuildFile; fileRef = 21D6C06B18E85259001C598C /* leather_armor.png */; };
		21DE956018C90D1C0075488D /* dragon.json in Resources */ = {isa = PBXBuildFile; fileRef = 21DE955E18C90D1C0075488D /* dragon.json */; };
		21DE956118C90D1C0075488D /* dragon1.png in Resources */ = {isa = PBXBuildFile; fileRef = 21DE955F18C90D1C0075488D /* dragon1.png */; };
		21FC83AD1887D5E4006AB4B4 /* AppDelegate.mm in Sources */ = {isa = PBXBuildFile; fileRef = 21FC83941887D5E4006AB4B4 /* AppDelegate.mm */; };
		21FC83B11887D5E4006AB4B4 /* CGameViewController.mm in Sources */ = {isa = PBXBuildFile; fileRef = 21FC839C1887D5E4006AB4B4 /* CGameViewController.mm */; };
		21FC83B21887D5E4006AB4B4 /* CGameViewController.xib in Resources */ = {isa = PBXBuildFile; fileRef = 21FC839D1887D5E4006AB4B4 /* CGameViewController.xib */; };
/* End PBXBuildFile section */

/* Begin PBXContainerItemProxy section */
		21BBF9F218E583290060CCC1 /* PBXContainerItemProxy */ = {
			isa = PBXContainerItemProxy;
			containerPortal = 21BBF9EC18E583280060CCC1 /* ieEngine.xcodeproj */;
			proxyType = 2;
			remoteGlobalIDString = 21BBF99818E577F70060CCC1;
			remoteInfo = "ieEngine-ios";
		};
		21BBF9F418E583290060CCC1 /* PBXContainerItemProxy */ = {
			isa = PBXContainerItemProxy;
			containerPortal = 21BBF9EC18E583280060CCC1 /* ieEngine.xcodeproj */;
			proxyType = 2;
			remoteGlobalIDString = 21BBF9D918E579220060CCC1;
			remoteInfo = "ieEngine-osx";
		};
		21BBF9F618E583730060CCC1 /* PBXContainerItemProxy */ = {
			isa = PBXContainerItemProxy;
			containerPortal = 21BBF9EC18E583280060CCC1 /* ieEngine.xcodeproj */;
			proxyType = 1;
			remoteGlobalIDString = 21BBF99718E577F70060CCC1;
			remoteInfo = "ieEngine-ios";
		};
		21BBFA1618E962BF0060CCC1 /* PBXContainerItemProxy */ = {
			isa = PBXContainerItemProxy;
			containerPortal = 21BBFA1118E962BE0060CCC1 /* ieCore.xcodeproj */;
			proxyType = 2;
			remoteGlobalIDString = 21D0712A181DA5620019D264;
			remoteInfo = "ieCore-ios";
		};
		21BBFA1818E962BF0060CCC1 /* PBXContainerItemProxy */ = {
			isa = PBXContainerItemProxy;
			containerPortal = 21BBFA1118E962BE0060CCC1 /* ieCore.xcodeproj */;
			proxyType = 2;
			remoteGlobalIDString = 21853415181EFC6200315CBB;
			remoteInfo = "ieCore-osx";
		};
		21BBFA1B18E962C60060CCC1 /* PBXContainerItemProxy */ = {
			isa = PBXContainerItemProxy;
			containerPortal = 21BBFA1118E962BE0060CCC1 /* ieCore.xcodeproj */;
			proxyType = 1;
			remoteGlobalIDString = 21D07129181DA5620019D264;
			remoteInfo = "ieCore-ios";
		};
/* End PBXContainerItemProxy section */

/* Begin PBXFileReference section */
		2109422618B1605200C86176 /* _e01_move_18.png */ = {isa = PBXFileReference; lastKnownFileType = image.png; name = _e01_move_18.png; path = ../ieBundle/_e01_move_18.png; sourceTree = "<group>"; };
		210AA7CE18A3F0CF00CD24F8 /* main.mm */ = {isa = PBXFileReference; fileEncoding = 4; lastKnownFileType = sourcecode.cpp.objcpp; name = main.mm; path = Sources/main.mm; sourceTree = "<group>"; };
		212B8C8A18C4E60200372655 /* 4.json */ = {isa = PBXFileReference; fileEncoding = 4; lastKnownFileType = text.json; name = 4.json; path = ../ieBundle/4.json; sourceTree = "<group>"; };
		212B8C8B18C4E60200372655 /* 41.png */ = {isa = PBXFileReference; lastKnownFileType = image.png; name = 41.png; path = ../ieBundle/41.png; sourceTree = "<group>"; };
		212B8C8C18C4E60200372655 /* sector_02.png */ = {isa = PBXFileReference; lastKnownFileType = image.png; name = sector_02.png; path = ../ieBundle/sector_02.png; sourceTree = "<group>"; };
		21ADFCBE18D8F09E002B603D /* animation_01.json */ = {isa = PBXFileReference; fileEncoding = 4; lastKnownFileType = text.json; name = animation_01.json; path = ../ieBundle/animation_01.json; sourceTree = "<group>"; };
		21ADFCBF18D8F09E002B603D /* animation_011.png */ = {isa = PBXFileReference; lastKnownFileType = image.png; name = animation_011.png; path = ../ieBundle/animation_011.png; sourceTree = "<group>"; };
		21ADFCCA18DAC34F002B603D /* animation_02.json */ = {isa = PBXFileReference; fileEncoding = 4; lastKnownFileType = text.json; name = animation_02.json; path = ../ieBundle/animation_02.json; sourceTree = "<group>"; };
		21ADFCCB18DAC34F002B603D /* animation_021.png */ = {isa = PBXFileReference; lastKnownFileType = image.png; name = animation_021.png; path = ../ieBundle/animation_021.png; sourceTree = "<group>"; };
		21AF321318EC119600783EEB /* human_03.json */ = {isa = PBXFileReference; fileEncoding = 4; lastKnownFileType = text.json; name = human_03.json; path = ../ieBundle/human_03.json; sourceTree = "<group>"; };
		21AF321418EC119600783EEB /* human_031.png */ = {isa = PBXFileReference; lastKnownFileType = image.png; name = human_031.png; path = ../ieBundle/human_031.png; sourceTree = "<group>"; };
		21AF321918EC20A500783EEB /* human_04.json */ = {isa = PBXFileReference; fileEncoding = 4; lastKnownFileType = text.json; name = human_04.json; path = ../ieBundle/human_04.json; sourceTree = "<group>"; };
		21AF321A18EC20A500783EEB /* human_041.png */ = {isa = PBXFileReference; lastKnownFileType = image.png; name = human_041.png; path = ../ieBundle/human_041.png; sourceTree = "<group>"; };
		21BBF9EC18E583280060CCC1 /* ieEngine.xcodeproj */ = {isa = PBXFileReference; lastKnownFileType = "wrapper.pb-project"; name = ieEngine.xcodeproj; path = ../ieEngine/ieEngine.xcodeproj; sourceTree = "<group>"; };
		21BBFA0C18E586BE0060CCC1 /* isometric_map.png */ = {isa = PBXFileReference; lastKnownFileType = image.png; name = isometric_map.png; path = ../ieBundle/isometric_map.png; sourceTree = "<group>"; };
		21BBFA1118E962BE0060CCC1 /* ieCore.xcodeproj */ = {isa = PBXFileReference; lastKnownFileType = "wrapper.pb-project"; name = ieCore.xcodeproj; path = ../ieCore/ieCore.xcodeproj; sourceTree = "<group>"; };
		21BBFA2618E997C80060CCC1 /* human_01.json */ = {isa = PBXFileReference; fileEncoding = 4; lastKnownFileType = text.json; name = human_01.json; path = ../ieBundle/human_01.json; sourceTree = "<group>"; };
		21BBFA2718E997C80060CCC1 /* human_011.png */ = {isa = PBXFileReference; lastKnownFileType = image.png; name = human_011.png; path = ../ieBundle/human_011.png; sourceTree = "<group>"; };
		21BFBC1818EAF6BA00EA3073 /* human_02.json */ = {isa = PBXFileReference; fileEncoding = 4; lastKnownFileType = text.json; name = human_02.json; path = ../ieBundle/human_02.json; sourceTree = "<group>"; };
		21BFBC1918EAF6BA00EA3073 /* human_021.png */ = {isa = PBXFileReference; lastKnownFileType = image.png; name = human_021.png; path = ../ieBundle/human_021.png; sourceTree = "<group>"; };
		21D070C1181D9D460019D264 /* ieDemo_d.app */ = {isa = PBXFileReference; explicitFileType = wrapper.application; includeInIndex = 0; path = ieDemo_d.app; sourceTree = BUILT_PRODUCTS_DIR; };
		21D070C4181D9D460019D264 /* Foundation.framework */ = {isa = PBXFileReference; lastKnownFileType = wrapper.framework; name = Foundation.framework; path = System/Library/Frameworks/Foundation.framework; sourceTree = SDKROOT; };
		21D070C6181D9D460019D264 /* CoreGraphics.framework */ = {isa = PBXFileReference; lastKnownFileType = wrapper.framework; name = CoreGraphics.framework; path = System/Library/Frameworks/CoreGraphics.framework; sourceTree = SDKROOT; };
		21D070C8181D9D460019D264 /* UIKit.framework */ = {isa = PBXFileReference; lastKnownFileType = wrapper.framework; name = UIKit.framework; path = System/Library/Frameworks/UIKit.framework; sourceTree = SDKROOT; };
		21D070DD181D9D460019D264 /* XCTest.framework */ = {isa = PBXFileReference; lastKnownFileType = wrapper.framework; name = XCTest.framework; path = Library/Frameworks/XCTest.framework; sourceTree = DEVELOPER_DIR; };
		21D0724F181DAEA00019D264 /* QuartzCore.framework */ = {isa = PBXFileReference; lastKnownFileType = wrapper.framework; name = QuartzCore.framework; path = System/Library/Frameworks/QuartzCore.framework; sourceTree = SDKROOT; };
		21D07251181DAEA60019D264 /* OpenGLES.framework */ = {isa = PBXFileReference; lastKnownFileType = wrapper.framework; name = OpenGLES.framework; path = System/Library/Frameworks/OpenGLES.framework; sourceTree = SDKROOT; };
		21D6C06B18E85259001C598C /* leather_armor.png */ = {isa = PBXFileReference; lastKnownFileType = image.png; name = leather_armor.png; path = ../ieBundle/leather_armor.png; sourceTree = "<group>"; };
		21DE955E18C90D1C0075488D /* dragon.json */ = {isa = PBXFileReference; fileEncoding = 4; lastKnownFileType = text.json; name = dragon.json; path = ../ieBundle/dragon.json; sourceTree = "<group>"; };
		21DE955F18C90D1C0075488D /* dragon1.png */ = {isa = PBXFileReference; lastKnownFileType = image.png; name = dragon1.png; path = ../ieBundle/dragon1.png; sourceTree = "<group>"; };
		21FC83931887D5E4006AB4B4 /* AppDelegate.h */ = {isa = PBXFileReference; fileEncoding = 4; lastKnownFileType = sourcecode.c.h; name = AppDelegate.h; path = Sources/AppDelegate.h; sourceTree = SOURCE_ROOT; };
		21FC83941887D5E4006AB4B4 /* AppDelegate.mm */ = {isa = PBXFileReference; fileEncoding = 4; lastKnownFileType = sourcecode.cpp.objcpp; name = AppDelegate.mm; path = Sources/AppDelegate.mm; sourceTree = SOURCE_ROOT; };
		21FC839B1887D5E4006AB4B4 /* CGameViewController.h */ = {isa = PBXFileReference; fileEncoding = 4; lastKnownFileType = sourcecode.c.h; name = CGameViewController.h; path = Sources/CGameViewController.h; sourceTree = SOURCE_ROOT; };
		21FC839C1887D5E4006AB4B4 /* CGameViewController.mm */ = {isa = PBXFileReference; fileEncoding = 4; lastKnownFileType = sourcecode.cpp.objcpp; name = CGameViewController.mm; path = Sources/CGameViewController.mm; sourceTree = SOURCE_ROOT; };
		21FC839D1887D5E4006AB4B4 /* CGameViewController.xib */ = {isa = PBXFileReference; fileEncoding = 4; lastKnownFileType = file.xib; name = CGameViewController.xib; path = Sources/CGameViewController.xib; sourceTree = SOURCE_ROOT; };
		21FC83BB1887D681006AB4B4 /* ieDemo.pch */ = {isa = PBXFileReference; fileEncoding = 4; lastKnownFileType = sourcecode.c.h; name = ieDemo.pch; path = Support/ieDemo.pch; sourceTree = SOURCE_ROOT; };
		21FC83BC1887D681006AB4B4 /* ieDemo.plist */ = {isa = PBXFileReference; fileEncoding = 4; lastKnownFileType = text.plist.xml; name = ieDemo.plist; path = Support/ieDemo.plist; sourceTree = SOURCE_ROOT; };
/* End PBXFileReference section */

/* Begin PBXFrameworksBuildPhase section */
		21D070BE181D9D460019D264 /* Frameworks */ = {
			isa = PBXFrameworksBuildPhase;
			buildActionMask = 2147483647;
			files = (
				21BBFA1D18E962CC0060CCC1 /* libieCore-ios_d.a in Frameworks */,
				21BBF9F818E583800060CCC1 /* libieEngine-ios.a in Frameworks */,
				21D07252181DAEA60019D264 /* OpenGLES.framework in Frameworks */,
				21D07250181DAEA00019D264 /* QuartzCore.framework in Frameworks */,
				21D070C7181D9D460019D264 /* CoreGraphics.framework in Frameworks */,
				21D070C9181D9D460019D264 /* UIKit.framework in Frameworks */,
				21D070C5181D9D460019D264 /* Foundation.framework in Frameworks */,
			);
			runOnlyForDeploymentPostprocessing = 0;
		};
/* End PBXFrameworksBuildPhase section */

/* Begin PBXGroup section */
		21BBF9ED18E583280060CCC1 /* Products */ = {
			isa = PBXGroup;
			children = (
				21BBF9F318E583290060CCC1 /* libieEngine-ios.a */,
				21BBF9F518E583290060CCC1 /* libieEngine-osx.a */,
			);
			name = Products;
			sourceTree = "<group>";
		};
		21BBFA1218E962BE0060CCC1 /* Products */ = {
			isa = PBXGroup;
			children = (
				21BBFA1718E962BF0060CCC1 /* libieCore-ios_d.a */,
				21BBFA1918E962BF0060CCC1 /* libieCore-osx_d.a */,
			);
			name = Products;
			sourceTree = "<group>";
		};
		21D070B8181D9D460019D264 = {
			isa = PBXGroup;
			children = (
				21D070F4181DA09B0019D264 /* Libraries */,
				21D070F3181D9ECF0019D264 /* Sources */,
				21D07279181DB33E0019D264 /* Resources */,
				21D070CB181D9D460019D264 /* Supporting Files */,
				21D070C3181D9D460019D264 /* Frameworks */,
				21D070C2181D9D460019D264 /* Products */,
			);
			sourceTree = "<group>";
		};
		21D070C2181D9D460019D264 /* Products */ = {
			isa = PBXGroup;
			children = (
				21D070C1181D9D460019D264 /* ieDemo_d.app */,
			);
			name = Products;
			sourceTree = "<group>";
		};
		21D070C3181D9D460019D264 /* Frameworks */ = {
			isa = PBXGroup;
			children = (
				21D07251181DAEA60019D264 /* OpenGLES.framework */,
				21D0724F181DAEA00019D264 /* QuartzCore.framework */,
				21D070C4181D9D460019D264 /* Foundation.framework */,
				21D070C6181D9D460019D264 /* CoreGraphics.framework */,
				21D070C8181D9D460019D264 /* UIKit.framework */,
				21D070DD181D9D460019D264 /* XCTest.framework */,
			);
			name = Frameworks;
			sourceTree = "<group>";
		};
		21D070CB181D9D460019D264 /* Supporting Files */ = {
			isa = PBXGroup;
			children = (
				21FC83BB1887D681006AB4B4 /* ieDemo.pch */,
				21FC83BC1887D681006AB4B4 /* ieDemo.plist */,
			);
			name = "Supporting Files";
			sourceTree = "<group>";
		};
		21D070F3181D9ECF0019D264 /* Sources */ = {
			isa = PBXGroup;
			children = (
				210AA7CE18A3F0CF00CD24F8 /* main.mm */,
				21FC83931887D5E4006AB4B4 /* AppDelegate.h */,
				21FC83941887D5E4006AB4B4 /* AppDelegate.mm */,
				21FC839B1887D5E4006AB4B4 /* CGameViewController.h */,
				21FC839C1887D5E4006AB4B4 /* CGameViewController.mm */,
				21FC839D1887D5E4006AB4B4 /* CGameViewController.xib */,
			);
			name = Sources;
			sourceTree = "<group>";
		};
		21D070F4181DA09B0019D264 /* Libraries */ = {
			isa = PBXGroup;
			children = (
				21BBFA1118E962BE0060CCC1 /* ieCore.xcodeproj */,
				21BBF9EC18E583280060CCC1 /* ieEngine.xcodeproj */,
			);
			name = Libraries;
			sourceTree = "<group>";
		};
		21D07279181DB33E0019D264 /* Resources */ = {
			isa = PBXGroup;
			children = (
				21AF321918EC20A500783EEB /* human_04.json */,
				21AF321A18EC20A500783EEB /* human_041.png */,
				21AF321318EC119600783EEB /* human_03.json */,
				21AF321418EC119600783EEB /* human_031.png */,
				21BFBC1818EAF6BA00EA3073 /* human_02.json */,
				21BFBC1918EAF6BA00EA3073 /* human_021.png */,
				21BBFA2618E997C80060CCC1 /* human_01.json */,
				21BBFA2718E997C80060CCC1 /* human_011.png */,
				21D6C06B18E85259001C598C /* leather_armor.png */,
				21BBFA0C18E586BE0060CCC1 /* isometric_map.png */,
				21ADFCCA18DAC34F002B603D /* animation_02.json */,
				21ADFCCB18DAC34F002B603D /* animation_021.png */,
				21ADFCBE18D8F09E002B603D /* animation_01.json */,
				21ADFCBF18D8F09E002B603D /* animation_011.png */,
				21DE955E18C90D1C0075488D /* dragon.json */,
				21DE955F18C90D1C0075488D /* dragon1.png */,
				212B8C8A18C4E60200372655 /* 4.json */,
				212B8C8B18C4E60200372655 /* 41.png */,
				212B8C8C18C4E60200372655 /* sector_02.png */,
				2109422618B1605200C86176 /* _e01_move_18.png */,
			);
			name = Resources;
			sourceTree = "<group>";
		};
/* End PBXGroup section */

/* Begin PBXNativeTarget section */
		21D070C0181D9D460019D264 /* ieDemo */ = {
			isa = PBXNativeTarget;
			buildConfigurationList = 21D070ED181D9D460019D264 /* Build configuration list for PBXNativeTarget "ieDemo" */;
			buildPhases = (
				21D070BD181D9D460019D264 /* Sources */,
				21D070BE181D9D460019D264 /* Frameworks */,
				21D070BF181D9D460019D264 /* Resources */,
			);
			buildRules = (
			);
			dependencies = (
				21BBFA1C18E962C60060CCC1 /* PBXTargetDependency */,
				21BBF9F718E583730060CCC1 /* PBXTargetDependency */,
			);
			name = ieDemo;
			productName = ieDemo;
			productReference = 21D070C1181D9D460019D264 /* ieDemo_d.app */;
			productType = "com.apple.product-type.application";
		};
/* End PBXNativeTarget section */

/* Begin PBXProject section */
		21D070B9181D9D460019D264 /* Project object */ = {
			isa = PBXProject;
			attributes = {
				LastUpgradeCheck = 0510;
				ORGANIZATIONNAME = "Sergey Sergeev";
				TargetAttributes = {
					21D070C0181D9D460019D264 = {
						DevelopmentTeam = 9BB8ZPHCM9;
					};
				};
			};
			buildConfigurationList = 21D070BC181D9D460019D264 /* Build configuration list for PBXProject "ieDemo" */;
			compatibilityVersion = "Xcode 3.2";
			developmentRegion = English;
			hasScannedForEncodings = 0;
			knownRegions = (
				en,
			);
			mainGroup = 21D070B8181D9D460019D264;
			productRefGroup = 21D070C2181D9D460019D264 /* Products */;
			projectDirPath = "";
			projectReferences = (
				{
					ProductGroup = 21BBFA1218E962BE0060CCC1 /* Products */;
					ProjectRef = 21BBFA1118E962BE0060CCC1 /* ieCore.xcodeproj */;
				},
				{
					ProductGroup = 21BBF9ED18E583280060CCC1 /* Products */;
					ProjectRef = 21BBF9EC18E583280060CCC1 /* ieEngine.xcodeproj */;
				},
			);
			projectRoot = "";
			targets = (
				21D070C0181D9D460019D264 /* ieDemo */,
			);
		};
/* End PBXProject section */

/* Begin PBXReferenceProxy section */
		21BBF9F318E583290060CCC1 /* libieEngine-ios.a */ = {
			isa = PBXReferenceProxy;
			fileType = archive.ar;
			path = "libieEngine-ios.a";
			remoteRef = 21BBF9F218E583290060CCC1 /* PBXContainerItemProxy */;
			sourceTree = BUILT_PRODUCTS_DIR;
		};
		21BBF9F518E583290060CCC1 /* libieEngine-osx.a */ = {
			isa = PBXReferenceProxy;
			fileType = archive.ar;
			path = "libieEngine-osx.a";
			remoteRef = 21BBF9F418E583290060CCC1 /* PBXContainerItemProxy */;
			sourceTree = BUILT_PRODUCTS_DIR;
		};
		21BBFA1718E962BF0060CCC1 /* libieCore-ios_d.a */ = {
			isa = PBXReferenceProxy;
			fileType = archive.ar;
			path = "libieCore-ios_d.a";
			remoteRef = 21BBFA1618E962BF0060CCC1 /* PBXContainerItemProxy */;
			sourceTree = BUILT_PRODUCTS_DIR;
		};
		21BBFA1918E962BF0060CCC1 /* libieCore-osx_d.a */ = {
			isa = PBXReferenceProxy;
			fileType = archive.ar;
			path = "libieCore-osx_d.a";
			remoteRef = 21BBFA1818E962BF0060CCC1 /* PBXContainerItemProxy */;
			sourceTree = BUILT_PRODUCTS_DIR;
		};
/* End PBXReferenceProxy section */

/* Begin PBXResourcesBuildPhase section */
		21D070BF181D9D460019D264 /* Resources */ = {
			isa = PBXResourcesBuildPhase;
			buildActionMask = 2147483647;
			files = (
				21BBFA2818E997C80060CCC1 /* human_01.json in Resources */,
				21AF321C18EC20A500783EEB /* human_041.png in Resources */,
				21BBFA0D18E586BE0060CCC1 /* isometric_map.png in Resources */,
				21ADFCC118D8F09E002B603D /* animation_011.png in Resources */,
				212B8C8E18C4E60200372655 /* 41.png in Resources */,
				21ADFCC018D8F09E002B603D /* animation_01.json in Resources */,
				212B8C8F18C4E60200372655 /* sector_02.png in Resources */,
				21ADFCCC18DAC34F002B603D /* animation_02.json in Resources */,
				21DE956118C90D1C0075488D /* dragon1.png in Resources */,
				21DE956018C90D1C0075488D /* dragon.json in Resources */,
				21AF321B18EC20A500783EEB /* human_04.json in Resources */,
				21FC83B21887D5E4006AB4B4 /* CGameViewController.xib in Resources */,
				21BBFA2918E997C80060CCC1 /* human_011.png in Resources */,
				21AF321618EC119600783EEB /* human_031.png in Resources */,
				21D6C06C18E85259001C598C /* leather_armor.png in Resources */,
				212B8C8D18C4E60200372655 /* 4.json in Resources */,
				2109422718B1605200C86176 /* _e01_move_18.png in Resources */,
				21BFBC1B18EAF6BA00EA3073 /* human_021.png in Resources */,
				21ADFCCD18DAC34F002B603D /* animation_021.png in Resources */,
				21AF321518EC119600783EEB /* human_03.json in Resources */,
				21BFBC1A18EAF6BA00EA3073 /* human_02.json in Resources */,
			);
			runOnlyForDeploymentPostprocessing = 0;
		};
/* End PBXResourcesBuildPhase section */

/* Begin PBXSourcesBuildPhase section */
		21D070BD181D9D460019D264 /* Sources */ = {
			isa = PBXSourcesBuildPhase;
			buildActionMask = 2147483647;
			files = (
				210AA7CF18A3F0CF00CD24F8 /* main.mm in Sources */,
				21FC83B11887D5E4006AB4B4 /* CGameViewController.mm in Sources */,
				21FC83AD1887D5E4006AB4B4 /* AppDelegate.mm in Sources */,
			);
			runOnlyForDeploymentPostprocessing = 0;
		};
/* End PBXSourcesBuildPhase section */

/* Begin PBXTargetDependency section */
		21BBF9F718E583730060CCC1 /* PBXTargetDependency */ = {
			isa = PBXTargetDependency;
			name = "ieEngine-ios";
			targetProxy = 21BBF9F618E583730060CCC1 /* PBXContainerItemProxy */;
		};
		21BBFA1C18E962C60060CCC1 /* PBXTargetDependency */ = {
			isa = PBXTargetDependency;
			name = "ieCore-ios";
			targetProxy = 21BBFA1B18E962C60060CCC1 /* PBXContainerItemProxy */;
		};
/* End PBXTargetDependency section */

/* Begin XCBuildConfiguration section */
		21D070EB181D9D460019D264 /* Debug */ = {
			isa = XCBuildConfiguration;
			buildSettings = {
				ALWAYS_SEARCH_USER_PATHS = NO;
				CLANG_CXX_LANGUAGE_STANDARD = "gnu++0x";
				CLANG_CXX_LIBRARY = "libc++";
				CLANG_ENABLE_MODULES = YES;
				CLANG_ENABLE_OBJC_ARC = YES;
				CLANG_WARN_BOOL_CONVERSION = YES;
				CLANG_WARN_CONSTANT_CONVERSION = YES;
				CLANG_WARN_DIRECT_OBJC_ISA_USAGE = YES_ERROR;
				CLANG_WARN_EMPTY_BODY = YES;
				CLANG_WARN_ENUM_CONVERSION = YES;
				CLANG_WARN_INT_CONVERSION = YES;
				CLANG_WARN_OBJC_ROOT_CLASS = YES_ERROR;
				CLANG_WARN__DUPLICATE_METHOD_MATCH = YES;
				"CODE_SIGN_IDENTITY[sdk=iphoneos*]" = "iPhone Developer";
				COPY_PHASE_STRIP = NO;
				GCC_C_LANGUAGE_STANDARD = gnu99;
				GCC_DYNAMIC_NO_PIC = NO;
				GCC_OPTIMIZATION_LEVEL = 0;
				GCC_PREPROCESSOR_DEFINITIONS = (
					"DEBUG=1",
					"$(inherited)",
				);
				GCC_SYMBOLS_PRIVATE_EXTERN = NO;
				GCC_WARN_64_TO_32_BIT_CONVERSION = YES;
				GCC_WARN_ABOUT_RETURN_TYPE = YES_ERROR;
				GCC_WARN_UNDECLARED_SELECTOR = YES;
				GCC_WARN_UNINITIALIZED_AUTOS = YES;
				GCC_WARN_UNUSED_FUNCTION = YES;
				GCC_WARN_UNUSED_VARIABLE = YES;
				IPHONEOS_DEPLOYMENT_TARGET = 7.0;
				ONLY_ACTIVE_ARCH = YES;
				SDKROOT = iphoneos;
				TARGETED_DEVICE_FAMILY = "1,2";
			};
			name = Debug;
		};
		21D070EC181D9D460019D264 /* Release */ = {
			isa = XCBuildConfiguration;
			buildSettings = {
				ALWAYS_SEARCH_USER_PATHS = NO;
				CLANG_CXX_LANGUAGE_STANDARD = "gnu++0x";
				CLANG_CXX_LIBRARY = "libc++";
				CLANG_ENABLE_MODULES = YES;
				CLANG_ENABLE_OBJC_ARC = YES;
				CLANG_WARN_BOOL_CONVERSION = YES;
				CLANG_WARN_CONSTANT_CONVERSION = YES;
				CLANG_WARN_DIRECT_OBJC_ISA_USAGE = YES_ERROR;
				CLANG_WARN_EMPTY_BODY = YES;
				CLANG_WARN_ENUM_CONVERSION = YES;
				CLANG_WARN_INT_CONVERSION = YES;
				CLANG_WARN_OBJC_ROOT_CLASS = YES_ERROR;
				CLANG_WARN__DUPLICATE_METHOD_MATCH = YES;
				"CODE_SIGN_IDENTITY[sdk=iphoneos*]" = "iPhone Developer";
				COPY_PHASE_STRIP = YES;
				ENABLE_NS_ASSERTIONS = NO;
				GCC_C_LANGUAGE_STANDARD = gnu99;
				GCC_WARN_64_TO_32_BIT_CONVERSION = YES;
				GCC_WARN_ABOUT_RETURN_TYPE = YES_ERROR;
				GCC_WARN_UNDECLARED_SELECTOR = YES;
				GCC_WARN_UNINITIALIZED_AUTOS = YES;
				GCC_WARN_UNUSED_FUNCTION = YES;
				GCC_WARN_UNUSED_VARIABLE = YES;
				IPHONEOS_DEPLOYMENT_TARGET = 7.0;
				SDKROOT = iphoneos;
				TARGETED_DEVICE_FAMILY = "1,2";
				VALIDATE_PRODUCT = YES;
			};
			name = Release;
		};
		21D070EE181D9D460019D264 /* Debug */ = {
			isa = XCBuildConfiguration;
			buildSettings = {
				ASSETCATALOG_COMPILER_APPICON_NAME = AppIcon;
				ASSETCATALOG_COMPILER_LAUNCHIMAGE_NAME = LaunchImage;
				CLANG_CXX_LANGUAGE_STANDARD = "c++0x";
				CLANG_WARN_CXX0X_EXTENSIONS = YES;
				CLANG_WARN_IMPLICIT_SIGN_CONVERSION = YES;
				CLANG_WARN_SUSPICIOUS_IMPLICIT_CONVERSION = YES;
				CLANG_WARN__EXIT_TIME_DESTRUCTORS = YES;
				CODE_SIGN_IDENTITY = "iPhone Developer";
				"CODE_SIGN_IDENTITY[sdk=iphoneos*]" = "iPhone Developer";
				COMPRESS_PNG_FILES = NO;
				CONFIGURATION_BUILD_DIR = "$(BUILD_DIR)";
				CONFIGURATION_TEMP_DIR = "$(BUILD_DIR)";
				GCC_C_LANGUAGE_STANDARD = "compiler-default";
				GCC_PRECOMPILE_PREFIX_HEADER = NO;
				GCC_PREFIX_HEADER = "";
				GCC_PREPROCESSOR_DEFINITIONS = (
					"DEBUG=1",
					"$(inherited)",
					__IOS__,
					GLM_FORCE_RADIANS,
				);
				GCC_TREAT_IMPLICIT_FUNCTION_DECLARATIONS_AS_ERRORS = YES;
				GCC_TREAT_INCOMPATIBLE_POINTER_TYPE_WARNINGS_AS_ERRORS = YES;
				GCC_TREAT_WARNINGS_AS_ERRORS = YES;
				GCC_WARN_ABOUT_MISSING_FIELD_INITIALIZERS = YES;
				GCC_WARN_ABOUT_MISSING_NEWLINE = YES;
				GCC_WARN_ABOUT_MISSING_PROTOTYPES = YES;
				GCC_WARN_FOUR_CHARACTER_CONSTANTS = YES;
				GCC_WARN_HIDDEN_VIRTUAL_FUNCTIONS = YES;
				GCC_WARN_INHIBIT_ALL_WARNINGS = YES;
				GCC_WARN_INITIALIZER_NOT_FULLY_BRACKETED = YES;
				GCC_WARN_NON_VIRTUAL_DESTRUCTOR = YES;
				GCC_WARN_PEDANTIC = YES;
				GCC_WARN_SHADOW = YES;
				GCC_WARN_SIGN_COMPARE = YES;
				GCC_WARN_UNKNOWN_PRAGMAS = YES;
				GCC_WARN_UNUSED_LABEL = YES;
				GCC_WARN_UNUSED_PARAMETER = YES;
				HEADER_SEARCH_PATHS = (
					"$(inherited)",
					/Applications/Xcode.app/Contents/Developer/Toolchains/XcodeDefault.xctoolchain/usr/include,
					"\"$(SRCROOT)/../ieCore/Sources\"",
					"\"$(SRCROOT)/../ieEngine/Sources\"",
					"\"$(SRCROOT)/../ieCore/Libraries\"",
					"\"$(SRCROOT)/../ieCore/Libraries/glm-0.9.5.2\"",
					"\"$(SRCROOT)/../ieCore/Libraries/pugixml-1.2\"",
					"\"$(SRCROOT)/../ieCore/Libraries/libpng-1.6.9\"",
					"\"$(SRCROOT)/../ieCore/Libraries/zlib-1.2.8\"",
					"\"$(SRCROOT)/../ieCore/Libraries/gcdpp-0.0.1/include\"",
					"\"$(SRCROOT)/../ieCore/Libraries/pvrtextool-3.2/include\"",
					"\"$(SRCROOT)/../ieCore/Libraries/ogles-2.0/include\"",
					"\"$(SRCROOT)/../ieCore/Libraries/jsoncpp-0.6.0/include\"",
				);
				INFOPLIST_FILE = "$(SRCROOT)/Support/ieDemo.plist";
				IPHONEOS_DEPLOYMENT_TARGET = 6.0;
				OBJROOT = "$(SYMROOT)";
				OTHER_LDFLAGS = (
					"-all_load",
					"-ObjC",
				);
				PRODUCT_NAME = "$(TARGET_NAME)_d";
				PROVISIONING_PROFILE = "644D6EDF-06CE-49FE-9D34-4BDB3F6AD00F";
				SYMROOT = "$(BUILD_DIR)";
				TARGETED_DEVICE_FAMILY = "1,2";
				VALID_ARCHS = "armv7 armv7s";
				WRAPPER_EXTENSION = app;
			};
			name = Debug;
		};
		21D070EF181D9D460019D264 /* Release */ = {
			isa = XCBuildConfiguration;
			buildSettings = {
				ASSETCATALOG_COMPILER_APPICON_NAME = AppIcon;
				ASSETCATALOG_COMPILER_LAUNCHIMAGE_NAME = LaunchImage;
				CLANG_CXX_LANGUAGE_STANDARD = "c++0x";
				CLANG_WARN_CXX0X_EXTENSIONS = YES;
				CLANG_WARN_IMPLICIT_SIGN_CONVERSION = YES;
				CLANG_WARN_SUSPICIOUS_IMPLICIT_CONVERSION = YES;
				CLANG_WARN__EXIT_TIME_DESTRUCTORS = YES;
				CODE_SIGN_IDENTITY = "iPhone Developer";
				"CODE_SIGN_IDENTITY[sdk=iphoneos*]" = "iPhone Developer";
				COMPRESS_PNG_FILES = NO;
				CONFIGURATION_BUILD_DIR = "$(BUILD_DIR)";
				CONFIGURATION_TEMP_DIR = "$(BUILD_DIR)";
				GCC_C_LANGUAGE_STANDARD = "compiler-default";
				GCC_OPTIMIZATION_LEVEL = fast;
				GCC_PRECOMPILE_PREFIX_HEADER = NO;
				GCC_PREFIX_HEADER = "";
				GCC_PREPROCESSOR_DEFINITIONS = (
					__IOS__,
					GLM_FORCE_RADIANS,
				);
				GCC_TREAT_IMPLICIT_FUNCTION_DECLARATIONS_AS_ERRORS = YES;
				GCC_TREAT_INCOMPATIBLE_POINTER_TYPE_WARNINGS_AS_ERRORS = YES;
				GCC_TREAT_WARNINGS_AS_ERRORS = YES;
				GCC_WARN_ABOUT_MISSING_FIELD_INITIALIZERS = YES;
				GCC_WARN_ABOUT_MISSING_NEWLINE = YES;
				GCC_WARN_ABOUT_MISSING_PROTOTYPES = YES;
				GCC_WARN_FOUR_CHARACTER_CONSTANTS = YES;
				GCC_WARN_HIDDEN_VIRTUAL_FUNCTIONS = YES;
				GCC_WARN_INHIBIT_ALL_WARNINGS = YES;
				GCC_WARN_INITIALIZER_NOT_FULLY_BRACKETED = YES;
				GCC_WARN_NON_VIRTUAL_DESTRUCTOR = YES;
				GCC_WARN_PEDANTIC = YES;
				GCC_WARN_SHADOW = YES;
				GCC_WARN_SIGN_COMPARE = YES;
				GCC_WARN_UNKNOWN_PRAGMAS = YES;
				GCC_WARN_UNUSED_LABEL = YES;
				GCC_WARN_UNUSED_PARAMETER = YES;
				HEADER_SEARCH_PATHS = (
					"$(inherited)",
					/Applications/Xcode.app/Contents/Developer/Toolchains/XcodeDefault.xctoolchain/usr/include,
					"\"$(SRCROOT)/../ieCore/Sources\"",
					"\"$(SRCROOT)/../ieEngine/Sources\"",
					"\"$(SRCROOT)/../ieCore/Libraries\"",
					"\"$(SRCROOT)/../ieCore/Libraries/glm-0.9.5.2\"",
					"\"$(SRCROOT)/../ieCore/Libraries/pugixml-1.2\"",
					"\"$(SRCROOT)/../ieCore/Libraries/libpng-1.6.9\"",
					"\"$(SRCROOT)/../ieCore/Libraries/zlib-1.2.8\"",
					"\"$(SRCROOT)/../ieCore/Libraries/gcdpp-0.0.1/include\"",
					"\"$(SRCROOT)/../ieCore/Libraries/pvrtextool-3.2/include\"",
					"\"$(SRCROOT)/../ieCore/Libraries/ogles-2.0/include\"",
					"\"$(SRCROOT)/../ieCore/Libraries/jsoncpp-0.6.0/include\"",
				);
				INFOPLIST_FILE = "$(SRCROOT)/Support/ieDemo.plist";
				IPHONEOS_DEPLOYMENT_TARGET = 6.0;
				LLVM_VECTORIZE_LOOPS = YES;
				OBJROOT = "$(SYMROOT)";
				OTHER_LDFLAGS = (
					"-all_load",
					"-ObjC",
				);
				PRODUCT_NAME = "$(TARGET_NAME)";
				PROVISIONING_PROFILE = "644D6EDF-06CE-49FE-9D34-4BDB3F6AD00F";
				SYMROOT = "$(BUILD_DIR)";
				TARGETED_DEVICE_FAMILY = "1,2";
				VALID_ARCHS = "armv7 armv7s";
				WRAPPER_EXTENSION = app;
			};
			name = Release;
		};
/* End XCBuildConfiguration section */

/* Begin XCConfigurationList section */
		21D070BC181D9D460019D264 /* Build configuration list for PBXProject "ieDemo" */ = {
			isa = XCConfigurationList;
			buildConfigurations = (
				21D070EB181D9D460019D264 /* Debug */,
				21D070EC181D9D460019D264 /* Release */,
			);
			defaultConfigurationIsVisible = 0;
			defaultConfigurationName = Release;
		};
		21D070ED181D9D460019D264 /* Build configuration list for PBXNativeTarget "ieDemo" */ = {
			isa = XCConfigurationList;
			buildConfigurations = (
				21D070EE181D9D460019D264 /* Debug */,
				21D070EF181D9D460019D264 /* Release */,
			);
			defaultConfigurationIsVisible = 0;
			defaultConfigurationName = Release;
		};
/* End XCConfigurationList section */
	};
	rootObject = 21D070B9181D9D460019D264 /* Project object */;
}
